
Microsoft Visual Studio Solution File, Format Version 12.00
# Visual Studio Version 16
VisualStudioVersion = 16.0.32630.194
MinimumVisualStudioVersion = 10.0.40219.1
Project("{FAE04EC0-301F-11D3-BF4B-00C04F79EFBC}") = "MyReadingList.WebAPI", "MyReadingList.WebAPI\MyReadingList.WebAPI.csproj", "{178F609F-EDC4-4FCA-A315-DDB9161EF8D9}"
EndProject
Global
	GlobalSection(SolutionConfigurationPlatforms) = preSolution
		Debug|Any CPU = Debug|Any CPU
		Release|Any CPU = Release|Any CPU
	EndGlobalSection
	GlobalSection(ProjectConfigurationPlatforms) = postSolution
		{178F609F-EDC4-4FCA-A315-DDB9161EF8D9}.Debug|Any CPU.ActiveCfg = Debug|Any CPU
		{178F609F-EDC4-4FCA-A315-DDB9161EF8D9}.Debug|Any CPU.Build.0 = Debug|Any CPU
		{178F609F-EDC4-4FCA-A315-DDB9161EF8D9}.Release|Any CPU.ActiveCfg = Release|Any CPU
		{178F609F-EDC4-4FCA-A315-DDB9161EF8D9}.Release|Any CPU.Build.0 = Release|Any CPU
	EndGlobalSection
	GlobalSection(SolutionProperties) = preSolution
		HideSolutionNode = FALSE
	EndGlobalSection
	GlobalSection(ExtensibilityGlobals) = postSolution
		SolutionGuid = {2EDC9581-5545-4CDA-A39A-BE12C7F87719}
	EndGlobalSection
EndGlobal
